
Microsoft Visual Studio Solution File, Format Version 12.00
# Visual Studio Version 17
VisualStudioVersion = 17.14.36121.58
MinimumVisualStudioVersion = 10.0.40219.1
Project("{FAE04EC0-301F-11D3-BF4B-00C04F79EFBC}") = "HackyFox", "HackyFox\HackyFox.csproj", "{8A17C13B-337D-4EAA-AB19-674FFCD4A932}"
EndProject
Global
	GlobalSection(SolutionConfigurationPlatforms) = preSolution
		Debug|Any CPU = Debug|Any CPU
		Release|Any CPU = Release|Any CPU
	EndGlobalSection
	GlobalSection(ProjectConfigurationPlatforms) = postSolution
		{8A17C13B-337D-4EAA-AB19-674FFCD4A932}.Debug|Any CPU.ActiveCfg = Debug|Any CPU
		{8A17C13B-337D-4EAA-AB19-674FFCD4A932}.Debug|Any CPU.Build.0 = Debug|Any CPU
		{8A17C13B-337D-4EAA-AB19-674FFCD4A932}.Release|Any CPU.ActiveCfg = Release|Any CPU
		{8A17C13B-337D-4EAA-AB19-674FFCD4A932}.Release|Any CPU.Build.0 = Release|Any CPU
	EndGlobalSection
	GlobalSection(SolutionProperties) = preSolution
		HideSolutionNode = FALSE
	EndGlobalSection
	GlobalSection(ExtensibilityGlobals) = postSolution
		SolutionGuid = {41156ACF-B0E6-4955-90E7-9FAC5805A5E2}
	EndGlobalSection
EndGlobal
